
Microsoft Visual Studio Solution File, Format Version 12.00
# Visual Studio Version 17
VisualStudioVersion = 17.3.32811.315
MinimumVisualStudioVersion = 10.0.40219.1
Project("{FAE04EC0-301F-11D3-BF4B-00C04F79EFBC}") = "CLG_25", "CLG_25\CLG_25.csproj", "{0606A19F-8CEC-416D-853C-6AEB152E9E6D}"
EndProject
Global
	GlobalSection(SolutionConfigurationPlatforms) = preSolution
		Debug|Any CPU = Debug|Any CPU
		Release|Any CPU = Release|Any CPU
	EndGlobalSection
	GlobalSection(ProjectConfigurationPlatforms) = postSolution
		{0606A19F-8CEC-416D-853C-6AEB152E9E6D}.Debug|Any CPU.ActiveCfg = Debug|Any CPU
		{0606A19F-8CEC-416D-853C-6AEB152E9E6D}.Debug|Any CPU.Build.0 = Debug|Any CPU
		{0606A19F-8CEC-416D-853C-6AEB152E9E6D}.Release|Any CPU.ActiveCfg = Release|Any CPU
		{0606A19F-8CEC-416D-853C-6AEB152E9E6D}.Release|Any CPU.Build.0 = Release|Any CPU
	EndGlobalSection
	GlobalSection(SolutionProperties) = preSolution
		HideSolutionNode = FALSE
	EndGlobalSection
	GlobalSection(ExtensibilityGlobals) = postSolution
		SolutionGuid = {9631D4FA-B10D-4C62-B1EF-3FE0C8EC1131}
	EndGlobalSection
EndGlobal
