
Microsoft Visual Studio Solution File, Format Version 12.00
# Visual Studio Version 17
VisualStudioVersion = 17.3.32811.315
MinimumVisualStudioVersion = 10.0.40219.1
Project("{FAE04EC0-301F-11D3-BF4B-00C04F79EFBC}") = "CLG_10", "CLG_10\CLG_10.csproj", "{D058A11B-B657-4731-87B4-62807EA555FC}"
EndProject
Global
	GlobalSection(SolutionConfigurationPlatforms) = preSolution
		Debug|Any CPU = Debug|Any CPU
		Release|Any CPU = Release|Any CPU
	EndGlobalSection
	GlobalSection(ProjectConfigurationPlatforms) = postSolution
		{D058A11B-B657-4731-87B4-62807EA555FC}.Debug|Any CPU.ActiveCfg = Debug|Any CPU
		{D058A11B-B657-4731-87B4-62807EA555FC}.Debug|Any CPU.Build.0 = Debug|Any CPU
		{D058A11B-B657-4731-87B4-62807EA555FC}.Release|Any CPU.ActiveCfg = Release|Any CPU
		{D058A11B-B657-4731-87B4-62807EA555FC}.Release|Any CPU.Build.0 = Release|Any CPU
	EndGlobalSection
	GlobalSection(SolutionProperties) = preSolution
		HideSolutionNode = FALSE
	EndGlobalSection
	GlobalSection(ExtensibilityGlobals) = postSolution
		SolutionGuid = {38421D8F-3C1E-4622-B1E6-F57BB9499C01}
	EndGlobalSection
EndGlobal
