
Microsoft Visual Studio Solution File, Format Version 12.00
# Visual Studio Version 17
VisualStudioVersion = 17.3.32811.315
MinimumVisualStudioVersion = 10.0.40219.1
Project("{FAE04EC0-301F-11D3-BF4B-00C04F79EFBC}") = "CLG_26", "CLG_26\CLG_26.csproj", "{86969730-7268-4E43-90B6-E5A90C884503}"
EndProject
Global
	GlobalSection(SolutionConfigurationPlatforms) = preSolution
		Debug|Any CPU = Debug|Any CPU
		Release|Any CPU = Release|Any CPU
	EndGlobalSection
	GlobalSection(ProjectConfigurationPlatforms) = postSolution
		{86969730-7268-4E43-90B6-E5A90C884503}.Debug|Any CPU.ActiveCfg = Debug|Any CPU
		{86969730-7268-4E43-90B6-E5A90C884503}.Debug|Any CPU.Build.0 = Debug|Any CPU
		{86969730-7268-4E43-90B6-E5A90C884503}.Release|Any CPU.ActiveCfg = Release|Any CPU
		{86969730-7268-4E43-90B6-E5A90C884503}.Release|Any CPU.Build.0 = Release|Any CPU
	EndGlobalSection
	GlobalSection(SolutionProperties) = preSolution
		HideSolutionNode = FALSE
	EndGlobalSection
	GlobalSection(ExtensibilityGlobals) = postSolution
		SolutionGuid = {B82E3B06-2282-4596-AFA1-CADECDA11B85}
	EndGlobalSection
EndGlobal
