
Microsoft Visual Studio Solution File, Format Version 12.00
# Visual Studio Version 17
VisualStudioVersion = 17.3.32811.315
MinimumVisualStudioVersion = 10.0.40219.1
Project("{FAE04EC0-301F-11D3-BF4B-00C04F79EFBC}") = "CLG_11", "CLG_11\CLG_11.csproj", "{80771FC7-0F13-4093-AEA0-252A1E51E1A0}"
EndProject
Global
	GlobalSection(SolutionConfigurationPlatforms) = preSolution
		Debug|Any CPU = Debug|Any CPU
		Release|Any CPU = Release|Any CPU
	EndGlobalSection
	GlobalSection(ProjectConfigurationPlatforms) = postSolution
		{80771FC7-0F13-4093-AEA0-252A1E51E1A0}.Debug|Any CPU.ActiveCfg = Debug|Any CPU
		{80771FC7-0F13-4093-AEA0-252A1E51E1A0}.Debug|Any CPU.Build.0 = Debug|Any CPU
		{80771FC7-0F13-4093-AEA0-252A1E51E1A0}.Release|Any CPU.ActiveCfg = Release|Any CPU
		{80771FC7-0F13-4093-AEA0-252A1E51E1A0}.Release|Any CPU.Build.0 = Release|Any CPU
	EndGlobalSection
	GlobalSection(SolutionProperties) = preSolution
		HideSolutionNode = FALSE
	EndGlobalSection
	GlobalSection(ExtensibilityGlobals) = postSolution
		SolutionGuid = {9388DEB6-0945-44C6-A1DF-EA6B01AD67CE}
	EndGlobalSection
EndGlobal
