
Microsoft Visual Studio Solution File, Format Version 12.00
# Visual Studio Version 17
VisualStudioVersion = 17.3.32811.315
MinimumVisualStudioVersion = 10.0.40219.1
Project("{FAE04EC0-301F-11D3-BF4B-00C04F79EFBC}") = "CLG_08", "CLG_08\CLG_08.csproj", "{08AEEF8F-1819-44FE-AD4B-C85D85767FD7}"
EndProject
Global
	GlobalSection(SolutionConfigurationPlatforms) = preSolution
		Debug|Any CPU = Debug|Any CPU
		Release|Any CPU = Release|Any CPU
	EndGlobalSection
	GlobalSection(ProjectConfigurationPlatforms) = postSolution
		{08AEEF8F-1819-44FE-AD4B-C85D85767FD7}.Debug|Any CPU.ActiveCfg = Debug|Any CPU
		{08AEEF8F-1819-44FE-AD4B-C85D85767FD7}.Debug|Any CPU.Build.0 = Debug|Any CPU
		{08AEEF8F-1819-44FE-AD4B-C85D85767FD7}.Release|Any CPU.ActiveCfg = Release|Any CPU
		{08AEEF8F-1819-44FE-AD4B-C85D85767FD7}.Release|Any CPU.Build.0 = Release|Any CPU
	EndGlobalSection
	GlobalSection(SolutionProperties) = preSolution
		HideSolutionNode = FALSE
	EndGlobalSection
	GlobalSection(ExtensibilityGlobals) = postSolution
		SolutionGuid = {596924A4-72F8-4677-BD8E-968717466F64}
	EndGlobalSection
EndGlobal
