
Microsoft Visual Studio Solution File, Format Version 12.00
# Visual Studio Version 17
VisualStudioVersion = 17.2.32616.157
MinimumVisualStudioVersion = 10.0.40219.1
Project("{FAE04EC0-301F-11D3-BF4B-00C04F79EFBC}") = "CLG_02", "CLG_02\CLG_02.csproj", "{05B2A5EB-B263-4FFD-BE64-C4F809C021D5}"
EndProject
Global
	GlobalSection(SolutionConfigurationPlatforms) = preSolution
		Debug|Any CPU = Debug|Any CPU
		Release|Any CPU = Release|Any CPU
	EndGlobalSection
	GlobalSection(ProjectConfigurationPlatforms) = postSolution
		{05B2A5EB-B263-4FFD-BE64-C4F809C021D5}.Debug|Any CPU.ActiveCfg = Debug|Any CPU
		{05B2A5EB-B263-4FFD-BE64-C4F809C021D5}.Debug|Any CPU.Build.0 = Debug|Any CPU
		{05B2A5EB-B263-4FFD-BE64-C4F809C021D5}.Release|Any CPU.ActiveCfg = Release|Any CPU
		{05B2A5EB-B263-4FFD-BE64-C4F809C021D5}.Release|Any CPU.Build.0 = Release|Any CPU
	EndGlobalSection
	GlobalSection(SolutionProperties) = preSolution
		HideSolutionNode = FALSE
	EndGlobalSection
	GlobalSection(ExtensibilityGlobals) = postSolution
		SolutionGuid = {4307FCC0-15AE-4688-9AF4-28EF4C957AEF}
	EndGlobalSection
EndGlobal
