
Microsoft Visual Studio Solution File, Format Version 12.00
# Visual Studio Version 17
VisualStudioVersion = 17.2.32616.157
MinimumVisualStudioVersion = 10.0.40219.1
Project("{FAE04EC0-301F-11D3-BF4B-00C04F79EFBC}") = "CLG_03", "CLG_03\CLG_03.csproj", "{4D5B0C90-2D72-4DD4-87A6-592FB5EC3611}"
EndProject
Global
	GlobalSection(SolutionConfigurationPlatforms) = preSolution
		Debug|Any CPU = Debug|Any CPU
		Release|Any CPU = Release|Any CPU
	EndGlobalSection
	GlobalSection(ProjectConfigurationPlatforms) = postSolution
		{4D5B0C90-2D72-4DD4-87A6-592FB5EC3611}.Debug|Any CPU.ActiveCfg = Debug|Any CPU
		{4D5B0C90-2D72-4DD4-87A6-592FB5EC3611}.Debug|Any CPU.Build.0 = Debug|Any CPU
		{4D5B0C90-2D72-4DD4-87A6-592FB5EC3611}.Release|Any CPU.ActiveCfg = Release|Any CPU
		{4D5B0C90-2D72-4DD4-87A6-592FB5EC3611}.Release|Any CPU.Build.0 = Release|Any CPU
	EndGlobalSection
	GlobalSection(SolutionProperties) = preSolution
		HideSolutionNode = FALSE
	EndGlobalSection
	GlobalSection(ExtensibilityGlobals) = postSolution
		SolutionGuid = {B00694D3-2B2B-496C-AA02-E29EBD90EAB8}
	EndGlobalSection
EndGlobal
