
Microsoft Visual Studio Solution File, Format Version 12.00
# Visual Studio Version 17
VisualStudioVersion = 17.3.32811.315
MinimumVisualStudioVersion = 10.0.40219.1
Project("{FAE04EC0-301F-11D3-BF4B-00C04F79EFBC}") = "CLG_27", "CLG_27\CLG_27.csproj", "{C1272BCD-5101-4395-8B00-5375F392856E}"
EndProject
Global
	GlobalSection(SolutionConfigurationPlatforms) = preSolution
		Debug|Any CPU = Debug|Any CPU
		Release|Any CPU = Release|Any CPU
	EndGlobalSection
	GlobalSection(ProjectConfigurationPlatforms) = postSolution
		{C1272BCD-5101-4395-8B00-5375F392856E}.Debug|Any CPU.ActiveCfg = Debug|Any CPU
		{C1272BCD-5101-4395-8B00-5375F392856E}.Debug|Any CPU.Build.0 = Debug|Any CPU
		{C1272BCD-5101-4395-8B00-5375F392856E}.Release|Any CPU.ActiveCfg = Release|Any CPU
		{C1272BCD-5101-4395-8B00-5375F392856E}.Release|Any CPU.Build.0 = Release|Any CPU
	EndGlobalSection
	GlobalSection(SolutionProperties) = preSolution
		HideSolutionNode = FALSE
	EndGlobalSection
	GlobalSection(ExtensibilityGlobals) = postSolution
		SolutionGuid = {04DCE940-9D04-4538-8B99-4E37A57B4510}
	EndGlobalSection
EndGlobal
