
Microsoft Visual Studio Solution File, Format Version 12.00
# Visual Studio Version 17
VisualStudioVersion = 17.3.32811.315
MinimumVisualStudioVersion = 10.0.40219.1
Project("{FAE04EC0-301F-11D3-BF4B-00C04F79EFBC}") = "CLG_07", "CLG_07\CLG_07.csproj", "{A3A4EE97-DE5D-4E3D-8BCD-22101E0C42BA}"
EndProject
Global
	GlobalSection(SolutionConfigurationPlatforms) = preSolution
		Debug|Any CPU = Debug|Any CPU
		Release|Any CPU = Release|Any CPU
	EndGlobalSection
	GlobalSection(ProjectConfigurationPlatforms) = postSolution
		{A3A4EE97-DE5D-4E3D-8BCD-22101E0C42BA}.Debug|Any CPU.ActiveCfg = Debug|Any CPU
		{A3A4EE97-DE5D-4E3D-8BCD-22101E0C42BA}.Debug|Any CPU.Build.0 = Debug|Any CPU
		{A3A4EE97-DE5D-4E3D-8BCD-22101E0C42BA}.Release|Any CPU.ActiveCfg = Release|Any CPU
		{A3A4EE97-DE5D-4E3D-8BCD-22101E0C42BA}.Release|Any CPU.Build.0 = Release|Any CPU
	EndGlobalSection
	GlobalSection(SolutionProperties) = preSolution
		HideSolutionNode = FALSE
	EndGlobalSection
	GlobalSection(ExtensibilityGlobals) = postSolution
		SolutionGuid = {E9124113-C4F0-406A-9A67-449F990923E1}
	EndGlobalSection
EndGlobal
